version = 1
revision = 3
requires-python = ">=3.12"

[[package]]
name = "annotated-doc"
version = "0.0.4"
source = { registry = "https://pypi.org/simple" }
sdist = { url = "https://files.pythonhosted.org/packages/57/ba/046ceea27344560984e26a590f90bc7f4a75b06701f653222458922b558c/annotated_doc-0.0.4.tar.gz", hash = "sha256:fbcda96e87e9c92ad167c2e53839e57503ecfda18804ea28102353485033faa4", size = 7288, upload-time = "2025-11-10T22:07:42.062Z" }
wheels = [
    { url = "https://files.pythonhosted.org/packages/1e/d3/26bf1008eb3d2daa8ef4cacc7f3bfdc11818d111f7e2d0201bc6e3b49d45/annotated_doc-0.0.4-py3-none-any.whl", hash = "sha256:571ac1dc6991c450b25a9c2d84a3705e2ae7a53467b5d111c24fa8baabbed320", size = 5303, upload-time = "2025-11-10T22:07:40.673Z" },
]

[[package]]
name = "beautifulsoup4"
version = "4.14.3"
source = { registry = "https://pypi.org/simple" }
dependencies = [
    { name = "soupsieve" },
    { name = "typing-extensions" },
]
sdist = { url = "https://files.pythonhosted.org/packages/c3/b0/1c6a16426d389813b48d95e26898aff79abbde42ad353958ad95cc8c9b21/beautifulsoup4-4.14.3.tar.gz", hash = "sha256:6292b1c5186d356bba669ef9f7f051757099565ad9ada5dd630bd9de5fa7fb86", size = 627737, upload-time = "2025-11-30T15:08:26.084Z" }
wheels = [
    { url = "https://files.pythonhosted.org/packages/1a/39/47f9197bdd44df24d67ac8893641e16f386c984a0619ef2ee4c51fbbc019/beautifulsoup4-4.14.3-py3-none-any.whl", hash = "sha256:0918bfe44902e6ad8d57732ba310582e98da931428d231a5ecb9e7c703a735bb", size = 107721, upload-time = "2025-11-30T15:08:24.087Z" },
]

[[package]]
name = "click"
version = "8.3.2"
source = { registry = "https://pypi.org/simple" }
dependencies = [
    { name = "colorama", marker = "sys_platform == 'win32'" },
]
sdist = { url = "https://files.pythonhosted.org/packages/57/75/31212c6bf2503fdf920d87fee5d7a86a2e3bcf444984126f13d8e4016804/click-8.3.2.tar.gz", hash = "sha256:14162b8b3b3550a7d479eafa77dfd3c38d9dc8951f6f69c78913a8f9a7540fd5", size = 302856, upload-time = "2026-04-03T19:14:45.118Z" }
wheels = [
    { url = "https://files.pythonhosted.org/packages/e4/20/71885d8b97d4f3dde17b1fdb92dbd4908b00541c5a3379787137285f602e/click-8.3.2-py3-none-any.whl", hash = "sha256:1924d2c27c5653561cd2cae4548d1406039cb79b858b747cfea24924bbc1616d", size = 108379, upload-time = "2026-04-03T19:14:43.505Z" },
]

[[package]]
name = "colorama"
version = "0.4.6"
source = { registry = "https://pypi.org/simple" }
sdist = { url = "https://files.pythonhosted.org/packages/d8/53/6f443c9a4a8358a93a6792e2acffb9d9d5cb0a5cfd8802644b7b1c9a02e4/colorama-0.4.6.tar.gz", hash = "sha256:08695f5cb7ed6e0531a20572697297273c47b8cae5a63ffc6d6ed5c201be6e44", size = 27697, upload-time = "2022-10-25T02:36:22.414Z" }
wheels = [
    { url = "https://files.pythonhosted.org/packages/d1/d6/3965ed04c63042e047cb6a3e6ed1a63a35087b6a609aa3a15ed8ac56c221/colorama-0.4.6-py2.py3-none-any.whl", hash = "sha256:4f1d9991f5acc0ca119f9d443620b77f9d6b33703e51011c16baf57afb285fc6", size = 25335, upload-time = "2022-10-25T02:36:20.889Z" },
]

[[package]]
name = "html-to-markdown"
version = "3.2.0"
source = { registry = "https://pypi.org/simple" }
wheels = [
    { url = "https://files.pythonhosted.org/packages/b8/88/4dc8a42b4777e959f121f8854b25c4b817be08946bfa03f3820568adb89c/html_to_markdown-3.2.0-cp312-cp312-macosx_11_0_arm64.whl", hash = "sha256:996e31d00d97885b7611f963e700500ed1d3366e05d313c73b1e9a671b4e6823", size = 5437687, upload-time = "2026-04-15T08:14:21.419Z" },
    { url = "https://files.pythonhosted.org/packages/19/32/5151fb2efc6a1c5bd6ea631f7f2b0cf585c36902efa3ec6d82c1b8b5ad00/html_to_markdown-3.2.0-cp312-cp312-manylinux2014_x86_64.manylinux_2_17_x86_64.whl", hash = "sha256:042335373c1665187222cf15c951965720418d0e13ce24b4790ec70cc494883c", size = 5969576, upload-time = "2026-04-15T08:14:23.036Z" },
    { url = "https://files.pythonhosted.org/packages/38/bc/635a8e81b9ae726663dcbf4a302cabb8150786281cd03daa6662f23c2b55/html_to_markdown-3.2.0-cp312-cp312-win_amd64.whl", hash = "sha256:08eb6100425c10511beb9123d260b4c128da9ea5ed88d8051b787c6ae44c7f4f", size = 5780741, upload-time = "2026-04-15T08:14:25.038Z" },
    { url = "https://files.pythonhosted.org/packages/d1/3c/22c4d62765f5480be196a0005694d05deb2377f8a8b18281ea538a2799ff/html_to_markdown-3.2.0-cp313-cp313-macosx_11_0_arm64.whl", hash = "sha256:ac362b7fbb4b312c82033c988eb955f615e67865773f81be86cc8e13f2d84d17", size = 5437690, upload-time = "2026-04-15T08:14:27.043Z" },
    { url = "https://files.pythonhosted.org/packages/cc/b0/ce555a5565360db6be7a0809b5486513469ce2cae358987be50c520bb97d/html_to_markdown-3.2.0-cp313-cp313-manylinux2014_x86_64.manylinux_2_17_x86_64.whl", hash = "sha256:9fe49d985f1c144a94dfd2c2a54e0745e366c04a1e315d4c95ee1c0cdd9d42d6", size = 5969197, upload-time = "2026-04-15T08:14:29.016Z" },
    { url = "https://files.pythonhosted.org/packages/c2/18/328e7aed7e6289ee630f2a1cba9381e05bdb464f6d041009cc6c06ff539f/html_to_markdown-3.2.0-cp313-cp313-win_amd64.whl", hash = "sha256:7f002879e7cbf3e1452a6aba84999feebe3fce72274f230e46d1feba671ec0bf", size = 5780707, upload-time = "2026-04-15T08:14:30.948Z" },
]

[[package]]
name = "html2md"
version = "0.1.0"
source = { editable = "." }
dependencies = [
    { name = "beautifulsoup4" },
    { name = "html-to-markdown" },
    { name = "loguru" },
    { name = "lxml" },
    { name = "typer" },
]

[package.dev-dependencies]
dev = [
    { name = "pytest" },
]

[package.metadata]
requires-dist = [
    { name = "beautifulsoup4", specifier = ">=4.12.0" },
    { name = "html-to-markdown", specifier = ">=3.2.0" },
    { name = "loguru", specifier = ">=0.7.0" },
    { name = "lxml", specifier = ">=5.0.0" },
    { name = "typer", specifier = ">=0.15.0" },
]

[package.metadata.requires-dev]
dev = [{ name = "pytest", specifier = ">=9.0.2" }]

[[package]]
name = "iniconfig"
version = "2.3.0"
source = { registry = "https://pypi.org/simple" }
sdist = { url = "https://files.pythonhosted.org/packages/72/34/14ca021ce8e5dfedc35312d08ba8bf51fdd999c576889fc2c24cb97f4f10/iniconfig-2.3.0.tar.gz", hash = "sha256:c76315c77db068650d49c5b56314774a7804df16fee4402c1f19d6d15d8c4730", size = 20503, upload-time = "2025-10-18T21:55:43.219Z" }
wheels = [
    { url = "https://files.pythonhosted.org/packages/cb/b1/3846dd7f199d53cb17f49cba7e651e9ce294d8497c8c150530ed11865bb8/iniconfig-2.3.0-py3-none-any.whl", hash = "sha256:f631c04d2c48c52b84d0d0549c99ff3859c98df65b3101406327ecc7d53fbf12", size = 7484, upload-time = "2025-10-18T21:55:41.639Z" },
]

[[package]]
name = "loguru"
version = "0.7.3"
source = { registry = "https://pypi.org/simple" }
dependencies = [
    { name = "colorama", marker = "sys_platform == 'win32'" },
    { name = "win32-setctime", marker = "sys_platform == 'win32'" },
]
sdist = { url = "https://files.pythonhosted.org/packages/3a/05/a1dae3dffd1116099471c643b8924f5aa6524411dc6c63fdae648c4f1aca/loguru-0.7.3.tar.gz", hash = "sha256:19480589e77d47b8d85b2c827ad95d49bf31b0dcde16593892eb51dd18706eb6", size = 63559, upload-time = "2024-12-06T11:20:56.608Z" }
wheels = [
    { url = "https://files.pythonhosted.org/packages/0c/29/0348de65b8cc732daa3e33e67806420b2ae89bdce2b04af740289c5c6c8c/loguru-0.7.3-py3-none-any.whl", hash = "sha256:31a33c10c8e1e10422bfd431aeb5d351c7cf7fa671e3c4df004162264b28220c", size = 61595, upload-time = "2024-12-06T11:20:54.538Z" },
]

[[package]]
name = "lxml"
version = "6.0.4"
source = { registry = "https://pypi.org/simple" }
sdist = { url = "https://files.pythonhosted.org/packages/ce/08/1217ca4043f55c3c92993b283a7dbfa456a2058d8b57bbb416cc96b6efff/lxml-6.0.4.tar.gz", hash = "sha256:4137516be2a90775f99d8ef80ec0283f8d78b5d8bd4630ff20163b72e7e9abf2", size = 4237780, upload-time = "2026-04-12T16:28:24.182Z" }
wheels = [
    { url = "https://files.pythonhosted.org/packages/3d/18/4732abab49bbb041b1ded9dd913ca89735a0dcca038eacec64c44ba02163/lxml-6.0.4-cp312-cp312-macosx_10_13_universal2.whl", hash = "sha256:af0b8459c4e21a8417db967b2e453d1855022dac79c79b61fb8214f3da50f17e", size = 8570033, upload-time = "2026-04-12T16:24:10.728Z" },
    { url = "https://files.pythonhosted.org/packages/72/7e/38523ec7178ca35376551911455d1b2766bc9d98bcc18f606a167fa9ecbb/lxml-6.0.4-cp312-cp312-macosx_10_13_x86_64.whl", hash = "sha256:e0cdcea2affa53fa17dc4bf5cefc0edf72583eac987d669493a019998a623fa3", size = 4623270, upload-time = "2026-04-12T16:24:13.2Z" },
    { url = "https://files.pythonhosted.org/packages/f1/cf/f9b6c9bf9d8c63d923ef893915141767cea4cea71774f20c36d0c14e1585/lxml-6.0.4-cp312-cp312-manylinux2014_aarch64.manylinux_2_17_aarch64.whl", hash = "sha256:8da4d4840c1bc07da6fcd647784f7fbaf538eeb7a57ce6b2487acc54c5e33330", size = 4929471, upload-time = "2026-04-12T16:24:15.453Z" },
    { url = "https://files.pythonhosted.org/packages/e5/53/3117f988c9e20be4156d2b8e1bda82ae06878d11aeb820dea111a7cfa4e3/lxml-6.0.4-cp312-cp312-manylinux2014_x86_64.manylinux_2_17_x86_64.whl", hash = "sha256:fb04a997588c3980894ded9172c10c5a3e45d3f1c5410472733626d268683806", size = 5092355, upload-time = "2026-04-12T16:24:17.876Z" },
    { url = "https://files.pythonhosted.org/packages/4e/ca/05c6ac773a2bd3edb48fa8a5c5101e927ce044c4a8aed1a85ff00fab20a5/lxml-6.0.4-cp312-cp312-manylinux_2_26_aarch64.manylinux_2_28_aarch64.whl", hash = "sha256:ca449642a08a6ceddf6e6775b874b6aee1b6242ed80aea84124497aba28e5384", size = 5004520, upload-time = "2026-04-12T16:24:20.184Z" },
    { url = "https://files.pythonhosted.org/packages/f1/db/d8aa5aa3a51d0aa6706ef85f85027f7c972cd840fe69ba058ecaf32d093d/lxml-6.0.4-cp312-cp312-manylinux_2_26_ppc64le.manylinux_2_28_ppc64le.whl", hash = "sha256:35b3ccdd137e62033662787dd4d2b8be900c686325d6b91e3b1ff6213d05ba11", size = 5629961, upload-time = "2026-04-12T16:24:22.242Z" },
    { url = "https://files.pythonhosted.org/packages/9d/75/8fff4444e0493aeb15ab0f4a55c767b5baed9074cf67a1835dc1161f3a1f/lxml-6.0.4-cp312-cp312-manylinux_2_26_x86_64.manylinux_2_28_x86_64.whl", hash = "sha256:45dc690c54b1341fec01743caed02e5f1ea49d7cfb81e3ba48903e5e844ed68a", size = 5237561, upload-time = "2026-04-12T16:24:24.572Z" },
    { url = "https://files.pythonhosted.org/packages/2a/9f/6d6cd73014f2dbf47a8aa7accd9712726f46ef4891e1c126bc285cfb94e4/lxml-6.0.4-cp312-cp312-manylinux_2_28_i686.whl", hash = "sha256:15ae922e8f74b05798a0e88cee46c0244aaec6a66b5e00be7d18648fed8c432e", size = 5349197, upload-time = "2026-04-12T16:24:26.805Z" },
    { url = "https://files.pythonhosted.org/packages/2d/43/e3e9a126e166234d1659d1dd9004dc1dd50cdc3c68575b071b0a1524b4de/lxml-6.0.4-cp312-cp312-manylinux_2_31_armv7l.whl", hash = "sha256:ebd816653707fbf10c65e3dee3bc24dac6b691654c21533b1ae49287433f4db0", size = 4693123, upload-time = "2026-04-12T16:24:28.812Z" },
    { url = "https://files.pythonhosted.org/packages/6c/98/b146dd123a4a7b69b571ff23ea8e8c68de8d8c1b03e23d01c6374d4fd835/lxml-6.0.4-cp312-cp312-manylinux_2_38_riscv64.manylinux_2_39_riscv64.whl", hash = "sha256:21284cf36b95dd8be774eb06c304b440cf49ee811800a30080ce6d93700f0383", size = 5242967, upload-time = "2026-04-12T16:24:30.811Z" },
    { url = "https://files.pythonhosted.org/packages/7e/60/8c275584452b55a902c883e8ab63d755c5ef35d7ad1f06f9e6559095521d/lxml-6.0.4-cp312-cp312-musllinux_1_2_aarch64.whl", hash = "sha256:0c08a2a9d0c4028ef5fc5a513b2e1e51af069a83c5b4206139edd08b3b8c2926", size = 5046810, upload-time = "2026-04-12T16:24:33.289Z" },
    { url = "https://files.pythonhosted.org/packages/19/aa/19ec216147e1105e5403fe73657c693a6e91bde855a13242dd6031e829e5/lxml-6.0.4-cp312-cp312-musllinux_1_2_armv7l.whl", hash = "sha256:1bc2f0f417112cf1a428599dd58125ab74d8e1c66893efd9b907cbb4a5db6e44", size = 4776383, upload-time = "2026-04-12T16:24:36.008Z" },
    { url = "https://files.pythonhosted.org/packages/41/c8/90afdb838705a736268fcffd2698c05e9a129144ce215d5e14db3bdfc295/lxml-6.0.4-cp312-cp312-musllinux_1_2_ppc64le.whl", hash = "sha256:c0d86e328405529bc93913add9ff377e8b8ea9be878e611f19dbac7766a84483", size = 5643497, upload-time = "2026-04-12T16:24:38.276Z" },
    { url = "https://files.pythonhosted.org/packages/32/ec/1135261ec9822dafb90be0ff6fb0ec79cee0b7fe878833dfe5f2b8c393bd/lxml-6.0.4-cp312-cp312-musllinux_1_2_riscv64.whl", hash = "sha256:3cce9420fe8f91eae5d457582599d282195c958cb670aa4bea313a79103ba33f", size = 5232185, upload-time = "2026-04-12T16:24:40.516Z" },
    { url = "https://files.pythonhosted.org/packages/13/f2/7380b11cae6943720f525e5a28ad9dbead96ac710417e556b7c03f3a8af3/lxml-6.0.4-cp312-cp312-musllinux_1_2_x86_64.whl", hash = "sha256:96214985ec194ce97b9028414e179cfb21230cba4e2413aee7e249461bb84f4d", size = 5259968, upload-time = "2026-04-12T16:24:42.917Z" },
    { url = "https://files.pythonhosted.org/packages/65/8f/141734f2c456f2253fed4237d8d4b241e3d701129cf6f0b135ccf241a75a/lxml-6.0.4-cp312-cp312-win32.whl", hash = "sha256:b2209b310e7ed1d4cd1c00d405ec9c49722fce731c7036abc1d876bf8df78139", size = 3594958, upload-time = "2026-04-12T16:24:45.039Z" },
    { url = "https://files.pythonhosted.org/packages/b7/a9/c6d3531c6d8814af0919fbdb9bda43c9e8b5deffcb70c8534017db233512/lxml-6.0.4-cp312-cp312-win_amd64.whl", hash = "sha256:03affcacfba4671ebc305813b02bfaf34d80b6a7c5b23eafc5d6da14a1a6e623", size = 3995897, upload-time = "2026-04-12T16:24:46.98Z" },
    { url = "https://files.pythonhosted.org/packages/03/5d/1dabeddf762e5a315a31775b2bca39811d7e7a15fc3e677d044b9da973fe/lxml-6.0.4-cp312-cp312-win_arm64.whl", hash = "sha256:af9678e3a2a047465515d95a61690109af7a4c9486f708249119adcef7861049", size = 3658607, upload-time = "2026-04-12T16:24:49.19Z" },
    { url = "https://files.pythonhosted.org/packages/78/f6/550a1ed9afde66e24bfcf9892446ea9779152df336062c6df0f7733151a2/lxml-6.0.4-cp313-cp313-macosx_10_13_universal2.whl", hash = "sha256:ecc3d55ed756ee6c3447748862a97e1f5392d2c5d7f474bace9382345e4fc274", size = 8559522, upload-time = "2026-04-12T16:24:51.563Z" },
    { url = "https://files.pythonhosted.org/packages/11/93/3f687c14d2b4d24b60fe13fd5482c8853f82a10bb87f2b577123e342ed1a/lxml-6.0.4-cp313-cp313-macosx_10_13_x86_64.whl", hash = "sha256:a7d5a627a368a0e861350ccc567a70ec675d2bc4d8b3b54f48995ae78d8d530e", size = 4617380, upload-time = "2026-04-12T16:24:54.042Z" },
    { url = "https://files.pythonhosted.org/packages/b5/ed/91e443366063d3fb7640ae2badd5d7b65be4095ac6d849788e39c043baae/lxml-6.0.4-cp313-cp313-manylinux2014_aarch64.manylinux_2_17_aarch64.whl", hash = "sha256:d385141b186cc39ebe4863c1e41936282c65df19b2d06a701dedc2a898877d6a", size = 4922791, upload-time = "2026-04-12T16:24:56.381Z" },
    { url = "https://files.pythonhosted.org/packages/30/4b/2243260b70974aca9ba0cc71bd668c0c3a79644d80ddcabbfbdb4b131848/lxml-6.0.4-cp313-cp313-manylinux2014_x86_64.manylinux_2_17_x86_64.whl", hash = "sha256:0132bb040e9bb5a199302e12bf942741defbc52922a2a06ce9ff7be0d0046483", size = 5080972, upload-time = "2026-04-12T16:24:58.823Z" },
    { url = "https://files.pythonhosted.org/packages/f8/c3/54c53c4f772341bc12331557f8b0882a426f53133926306cbe6d7f0ee7e4/lxml-6.0.4-cp313-cp313-manylinux_2_26_aarch64.manylinux_2_28_aarch64.whl", hash = "sha256:26aee5321e4aa1f07c9090a35f6ab8b703903fb415c6c823cfdb20ee0d779855", size = 4992236, upload-time = "2026-04-12T16:25:01.099Z" },
    { url = "https://files.pythonhosted.org/packages/be/0f/416de42e22f287585abee610eb0d1c2638c9fe24cee7e15136e0b5e138f8/lxml-6.0.4-cp313-cp313-manylinux_2_26_ppc64le.manylinux_2_28_ppc64le.whl", hash = "sha256:b5652455de198ff76e02cfa57d5efc5f834fa45521aaf3fcc13d6b5a88bde23d", size = 5612398, upload-time = "2026-04-12T16:25:03.517Z" },
    { url = "https://files.pythonhosted.org/packages/7d/63/29a3fa79b8a182f5bd5b5bdcb6f625f49f08f41d60a26ca25482820a1b99/lxml-6.0.4-cp313-cp313-manylinux_2_26_x86_64.manylinux_2_28_x86_64.whl", hash = "sha256:75842801fb48aea73f4c281b923a010dfb39bad75edf8ceb2198ec30c27f01cc", size = 5227480, upload-time = "2026-04-12T16:25:06.119Z" },
    { url = "https://files.pythonhosted.org/packages/7c/4a/44d1843de599b1c6dbe578e4248c2f15e7fac90c5c86eb26775eaeac0fe0/lxml-6.0.4-cp313-cp313-manylinux_2_28_i686.whl", hash = "sha256:94a1f74607a5a049ff6ff8de429fec922e643e32b5b08ec7a4fe49e8de76e17c", size = 5341001, upload-time = "2026-04-12T16:25:08.563Z" },
    { url = "https://files.pythonhosted.org/packages/0d/52/c8aebde49f169e4e3452e7756be35be1cb2903e30d961cb57aa65a27055f/lxml-6.0.4-cp313-cp313-manylinux_2_31_armv7l.whl", hash = "sha256:173cc246d3d3b6d3b6491f0b3aaf22ebdf2eed616879482acad8bd84d73eb231", size = 4699105, upload-time = "2026-04-12T16:25:10.757Z" },
    { url = "https://files.pythonhosted.org/packages/78/60/76fc3735c31c28b70220d99452fb72052e84b618693ca2524da96f0131d8/lxml-6.0.4-cp313-cp313-manylinux_2_38_riscv64.manylinux_2_39_riscv64.whl", hash = "sha256:f0f2ee1be1b72e9890da87e4e422f2f703ff4638fd5ec5383055db431e8e30e9", size = 5231095, upload-time = "2026-04-12T16:25:13.305Z" },
    { url = "https://files.pythonhosted.org/packages/e5/60/448f01c52110102f23df5f07b3f4fde57c8e13e497e182a743d125324c0b/lxml-6.0.4-cp313-cp313-musllinux_1_2_aarch64.whl", hash = "sha256:c51a274b7e8b9ce394c3f8b471eb0b23c1914eec64fdccf674e082daf72abf11", size = 5042411, upload-time = "2026-04-12T16:25:15.541Z" },
    { url = "https://files.pythonhosted.org/packages/4a/2a/90612a001fa4fa0ff0443ebb0256a542670fe35473734c559720293e7aff/lxml-6.0.4-cp313-cp313-musllinux_1_2_armv7l.whl", hash = "sha256:210ea934cba1a1ec42f88c4190c4d5c67b2d14321a8faed9b39e8378198ff99d", size = 4768431, upload-time = "2026-04-12T16:25:17.581Z" },
    { url = "https://files.pythonhosted.org/packages/84/d8/572845a7d741c8a8ffeaf928185263e14d97fbd355de164677340951d7a5/lxml-6.0.4-cp313-cp313-musllinux_1_2_ppc64le.whl", hash = "sha256:14fe654a59eebe16368c51778caeb0c8fda6f897adcd9afe828d87d13b5d5e51", size = 5634972, upload-time = "2026-04-12T16:25:20.111Z" },
    { url = "https://files.pythonhosted.org/packages/d7/1d/392b8c9f8cf1d502bbec50dee137c7af3dd5def5e5cd84572fbf0ba0541c/lxml-6.0.4-cp313-cp313-musllinux_1_2_riscv64.whl", hash = "sha256:ec160a2b7e2b3cb71ec35010b19a1adea05785d19ba5c9c5f986b64b78fef564", size = 5222909, upload-time = "2026-04-12T16:25:22.243Z" },
    { url = "https://files.pythonhosted.org/packages/21/ab/949fc96f825cf083612aee65d5a02eacc5eaeb2815561220e33e1e160677/lxml-6.0.4-cp313-cp313-musllinux_1_2_x86_64.whl", hash = "sha256:d305b86ef10b23cf3a6d62a2ad23fa296f76495183ee623f64d2600f65ffe09c", size = 5249096, upload-time = "2026-04-12T16:25:24.781Z" },
    { url = "https://files.pythonhosted.org/packages/56/e8/fbe44df79ede5ff760401cc3c49c4204f49f0f529cc6b27d0af7b63f5472/lxml-6.0.4-cp313-cp313-win32.whl", hash = "sha256:a2f31380aa9a9b52591e79f1c1d3ac907688fbeb9d883ba28be70f2eb5db2277", size = 3595808, upload-time = "2026-04-12T16:25:26.747Z" },
    { url = "https://files.pythonhosted.org/packages/f8/df/e873abb881092256520edf0d67d686e36f3c86b3cf289f01b6458272dede/lxml-6.0.4-cp313-cp313-win_amd64.whl", hash = "sha256:b8efa9f681f15043e497293d58a4a63199564b253ed2291887d92bb3f74f59ab", size = 3994635, upload-time = "2026-04-12T16:25:28.828Z" },
    { url = "https://files.pythonhosted.org/packages/23/a8/9c56c8914b9b18d89face5a7472445002baf309167f7af65d988842129fd/lxml-6.0.4-cp313-cp313-win_arm64.whl", hash = "sha256:905abe6a5888129be18f85f2aea51f0c9863fa0722fb8530dfbb687d2841d221", size = 3657374, upload-time = "2026-04-12T16:25:30.901Z" },
    { url = "https://files.pythonhosted.org/packages/10/18/36e28a809c509a67496202771f545219ac5a2f1cd61aae325991fcf5ab91/lxml-6.0.4-cp314-cp314-macosx_10_15_universal2.whl", hash = "sha256:569d3b18340863f603582d2124e742a68e85755eff5e47c26a55e298521e3a01", size = 8575045, upload-time = "2026-04-12T16:25:33.57Z" },
    { url = "https://files.pythonhosted.org/packages/11/38/a168c820e3b08d3b4fa0f4e6b53b3930086b36cc11e428106d38c36778cd/lxml-6.0.4-cp314-cp314-macosx_10_15_x86_64.whl", hash = "sha256:3b6245ee5241342d45e1a54a4a8bc52ef322333ada74f24aa335c4ab36f20161", size = 4622963, upload-time = "2026-04-12T16:25:36.818Z" },
    { url = "https://files.pythonhosted.org/packages/53/e0/2c9d6abdd82358cea3c0d8d6ca272a6af0f38156abce7827efb6d5b62d17/lxml-6.0.4-cp314-cp314-manylinux2014_aarch64.manylinux_2_17_aarch64.whl", hash = "sha256:79a1173ba3213a3693889a435417d4e9f3c07d96e30dc7cc3a712ed7361015fe", size = 4948832, upload-time = "2026-04-12T16:25:39.104Z" },
    { url = "https://files.pythonhosted.org/packages/96/d7/f2202852e91d7baf3a317f4523a9c14834145301e5b0f2e80c01c4bfbd49/lxml-6.0.4-cp314-cp314-manylinux2014_x86_64.manylinux_2_17_x86_64.whl", hash = "sha256:dc18bb975666b443ba23aedd2fcf57e9d0d97546b52a1de97a447c4061ba4110", size = 5085865, upload-time = "2026-04-12T16:25:41.226Z" },
    { url = "https://files.pythonhosted.org/packages/09/57/abee549324496e92708f71391c6060a164d3c95369656a1a15e9f20d8162/lxml-6.0.4-cp314-cp314-manylinux_2_26_aarch64.manylinux_2_28_aarch64.whl", hash = "sha256:2079f5dc83291ac190a52f8354b78648f221ecac19fb2972a2d056b555824de7", size = 5030001, upload-time = "2026-04-12T16:25:43.695Z" },
    { url = "https://files.pythonhosted.org/packages/c2/f8/432da7178c5917a16468af6c5da68fef7cf3357d4bd0e6f50272ec9a59b5/lxml-6.0.4-cp314-cp314-manylinux_2_26_ppc64le.manylinux_2_28_ppc64le.whl", hash = "sha256:3eda02da4ca16e9ca22bbe5654470c17fa1abcd967a52e4c2e50ff278221e351", size = 5646303, upload-time = "2026-04-12T16:25:46.577Z" },
    { url = "https://files.pythonhosted.org/packages/82/f9/e1c04ef667a6bf9c9dbd3bf04c50fa51d7ee25b258485bb748b27eb9a1c7/lxml-6.0.4-cp314-cp314-manylinux_2_26_x86_64.manylinux_2_28_x86_64.whl", hash = "sha256:c3787cdc3832b70e21ac2efafea2a82a8ccb5e85bec110dc68b26023e9d3caae", size = 5237940, upload-time = "2026-04-12T16:25:49.157Z" },
    { url = "https://files.pythonhosted.org/packages/d0/f0/cdea60d92df731725fc3c4f33e387b100f210acd45c92969e42d2ba993fa/lxml-6.0.4-cp314-cp314-manylinux_2_28_i686.whl", hash = "sha256:3f276d49c23103565d39440b9b3f4fc08fa22f5a96395ea4b4d4fea4458b1505", size = 5350050, upload-time = "2026-04-12T16:25:52.027Z" },
    { url = "https://files.pythonhosted.org/packages/2e/15/bf52c7a70b6081bb9e00d37cc90fcf60aa84468d9d173ad2fade38ec34c5/lxml-6.0.4-cp314-cp314-manylinux_2_31_armv7l.whl", hash = "sha256:fdfdad73736402375b11b3a137e48cd09634177516baf5fc0bd80d1ca85f3cda", size = 4696409, upload-time = "2026-04-12T16:25:55.141Z" },
    { url = "https://files.pythonhosted.org/packages/c5/69/9bade267332cc06f9a9aa773b5a11bdfb249af485df9e142993009ea1fc4/lxml-6.0.4-cp314-cp314-manylinux_2_38_riscv64.manylinux_2_39_riscv64.whl", hash = "sha256:75912421456946931daba0ec3cedfa824c756585d05bde97813a17992bfbd013", size = 5249072, upload-time = "2026-04-12T16:25:57.362Z" },
    { url = "https://files.pythonhosted.org/packages/14/ca/043bcacb096d6ed291cbbc58724e9625a453069d6edeb840b0bf18038d05/lxml-6.0.4-cp314-cp314-musllinux_1_2_aarch64.whl", hash = "sha256:48cd5a88da67233fd82f2920db344503c2818255217cd6ea462c9bb8254ba7cb", size = 5083779, upload-time = "2026-04-12T16:26:00.018Z" },
    { url = "https://files.pythonhosted.org/packages/04/89/f5fb18d76985969e84af13682e489acabee399bb54738a363925ea6e7390/lxml-6.0.4-cp314-cp314-musllinux_1_2_armv7l.whl", hash = "sha256:87af86a8fa55b9ff1e6ee4233d762296f2ce641ba948af783fb995c5a8a3371b", size = 4736953, upload-time = "2026-04-12T16:26:02.289Z" },
    { url = "https://files.pythonhosted.org/packages/84/ba/d1d7284bb4ba951f188c3fc0455943c1fcbd1c33d1324d6d57b7d4a45be6/lxml-6.0.4-cp314-cp314-musllinux_1_2_ppc64le.whl", hash = "sha256:a743714cd656ba7ccb29d199783906064c7b5ba3c0e2a79f0244ea0badc6a98c", size = 5669605, upload-time = "2026-04-12T16:26:04.694Z" },
    { url = "https://files.pythonhosted.org/packages/72/05/1463e55f2de27bb60feddc894dd7c0833bd501f8861392ed416291b38db5/lxml-6.0.4-cp314-cp314-musllinux_1_2_riscv64.whl", hash = "sha256:e31c76bd066fb4f81d9a32e5843bffdf939ab27afb1ffc1c924e749bfbdb00e3", size = 5236886, upload-time = "2026-04-12T16:26:07.659Z" },
    { url = "https://files.pythonhosted.org/packages/fe/fb/0b6ee9194ce3ac49db4cadaa8a9158f04779fc768b6c27c4e2945d71a99d/lxml-6.0.4-cp314-cp314-musllinux_1_2_x86_64.whl", hash = "sha256:f185fd6e7d550e9917d7103dccf51be589aba953e15994fb04646c1730019685", size = 5263382, upload-time = "2026-04-12T16:26:10.067Z" },
    { url = "https://files.pythonhosted.org/packages/9a/93/ec18a08e98dd82cac39f1d2511ee2bed5affb94d228356d8ef165a4ec3b9/lxml-6.0.4-cp314-cp314-win32.whl", hash = "sha256:774660028f8722a598400430d2746fb0075949f84a9a5cd9767d9152e3baaac5", size = 3656164, upload-time = "2026-04-12T16:26:59.568Z" },
    { url = "https://files.pythonhosted.org/packages/15/86/52507316abfc7150bf6bb191e39a12e301ee80334610a493884ae2f9d20d/lxml-6.0.4-cp314-cp314-win_amd64.whl", hash = "sha256:fbd7d14349413f5609c0b537b1a48117d6ccef1af37986af6b03766ad05bf43e", size = 4062512, upload-time = "2026-04-12T16:27:02.212Z" },
    { url = "https://files.pythonhosted.org/packages/f1/d5/09c593a2ef2234b8cd6cf059e2dc212e0654bf05c503f0ef2daf05adb680/lxml-6.0.4-cp314-cp314-win_arm64.whl", hash = "sha256:a61a01ec3fbfd5b73a69a7bf513271051fd6c5795d82fc5daa0255934cd8db3d", size = 3740745, upload-time = "2026-04-12T16:27:04.444Z" },
    { url = "https://files.pythonhosted.org/packages/4a/3c/42a98bf6693938bf7b285ec7f70ba2ae9d785d0e5b2cdb85d2ee29e287eb/lxml-6.0.4-cp314-cp314t-macosx_10_15_universal2.whl", hash = "sha256:504edb62df33cea502ea6e73847c647ba228623ca3f80a228be5723a70984dd5", size = 8826437, upload-time = "2026-04-12T16:26:12.911Z" },
    { url = "https://files.pythonhosted.org/packages/c2/c2/ad13f39b2db8709788aa2dcb6e90b81da76db3b5b2e7d35e0946cf984960/lxml-6.0.4-cp314-cp314t-macosx_10_15_x86_64.whl", hash = "sha256:f01b7b0316d4c0926d49a7f003b2d30539f392b140a3374bb788bad180bc8478", size = 4734892, upload-time = "2026-04-12T16:26:15.871Z" },
    { url = "https://files.pythonhosted.org/packages/2c/6d/c559d7b5922c5b0380fc2cb5ac134b6a3f9d79d368347a624ee5d68b0816/lxml-6.0.4-cp314-cp314t-manylinux2014_aarch64.manylinux_2_17_aarch64.whl", hash = "sha256:ab999933e662501efe4b16e6cfb7c9f9deca7d072cd1788b99c8defde78c0dfb", size = 4969173, upload-time = "2026-04-12T16:26:18.335Z" },
    { url = "https://files.pythonhosted.org/packages/c7/78/ca521e36157f38e3e1a29276855cdf48d213138fc0c8365693ff5c876ca7/lxml-6.0.4-cp314-cp314t-manylinux2014_x86_64.manylinux_2_17_x86_64.whl", hash = "sha256:67c3f084389fe75932c39b6869a377f6c8e21e818f31ae8a30c71dd2e59360e2", size = 5103134, upload-time = "2026-04-12T16:26:20.612Z" },
    { url = "https://files.pythonhosted.org/packages/28/a7/7d62d023bacaa0aaf60af8c0a77c6c05f84327396d755f3aa64b788678a9/lxml-6.0.4-cp314-cp314t-manylinux_2_26_aarch64.manylinux_2_28_aarch64.whl", hash = "sha256:377ea1d654f76ed6205c87d14920f829c9f4d31df83374d3cbcbdaae804d37b2", size = 5027205, upload-time = "2026-04-12T16:26:22.981Z" },
    { url = "https://files.pythonhosted.org/packages/34/be/51b194b81684f2e85e5d992771c45d70cb22ac6f7291ac6bc7b255830afe/lxml-6.0.4-cp314-cp314t-manylinux_2_26_ppc64le.manylinux_2_28_ppc64le.whl", hash = "sha256:e60cd0bcacbfd1a96d63516b622183fb2e3f202300df9eb5533391a8a939dbfa", size = 5594461, upload-time = "2026-04-12T16:26:25.316Z" },
    { url = "https://files.pythonhosted.org/packages/39/24/8850f38fbf89dd072ff31ba22f9e40347aeada7cadf710ecb04b8d9f32d4/lxml-6.0.4-cp314-cp314t-manylinux_2_26_x86_64.manylinux_2_28_x86_64.whl", hash = "sha256:6e9e30fd63d41dd0bbdb020af5cdfffd5d9b554d907cb210f18e8fcdc8eac013", size = 5223378, upload-time = "2026-04-12T16:26:28.68Z" },
    { url = "https://files.pythonhosted.org/packages/2a/9b/595239ba8c719b0fdc7bc9ebdb7564459c9a6b24b8b363df4a02674aeece/lxml-6.0.4-cp314-cp314t-manylinux_2_28_i686.whl", hash = "sha256:1fb4a1606bb68c533002e7ed50d7e55e58f0ef1696330670281cb79d5ab2050d", size = 5311415, upload-time = "2026-04-12T16:26:31.513Z" },
    { url = "https://files.pythonhosted.org/packages/be/cb/aa27ac8d041acf34691577838494ad08df78e83fdfdb66948d2903e9291e/lxml-6.0.4-cp314-cp314t-manylinux_2_31_armv7l.whl", hash = "sha256:695c7708438e449d57f404db8cc1b769e77ad5b50655f32f8175686ba752f293", size = 4637953, upload-time = "2026-04-12T16:26:33.806Z" },
    { url = "https://files.pythonhosted.org/packages/f6/f2/f19114fd86825c2d1ce41cd99daad218d30cfdd2093d4de9273986fb4d68/lxml-6.0.4-cp314-cp314t-manylinux_2_38_riscv64.manylinux_2_39_riscv64.whl", hash = "sha256:d49c35ae1e35ee9b569892cf8f8f88db9524f28d66e9daee547a5ef9f3c5f468", size = 5231532, upload-time = "2026-04-12T16:26:36.518Z" },
    { url = "https://files.pythonhosted.org/packages/9a/0e/c3fa354039ec0b6b09f40fbe1129efc572ac6239faa4906de42d5ce87c0a/lxml-6.0.4-cp314-cp314t-musllinux_1_2_aarch64.whl", hash = "sha256:5801072f8967625e6249d162065d0d6011ef8ce3d0efb8754496b5246b81a74b", size = 5083767, upload-time = "2026-04-12T16:26:39.332Z" },
    { url = "https://files.pythonhosted.org/packages/b3/4b/1a0dbb6d6ffae16e54a8a3796ded0ad2f9c3bc1ff3728bde33456f4e1d63/lxml-6.0.4-cp314-cp314t-musllinux_1_2_armv7l.whl", hash = "sha256:cbf768541526eba5ef1a49f991122e41b39781eafd0445a5a110fc09947a20b5", size = 4758079, upload-time = "2026-04-12T16:26:42.138Z" },
    { url = "https://files.pythonhosted.org/packages/a9/01/a246cf5f80f96766051de4b305d6552f80bdaefb37f04e019e42af0aba69/lxml-6.0.4-cp314-cp314t-musllinux_1_2_ppc64le.whl", hash = "sha256:eecce87cc09233786fc31c230268183bf6375126cfec1c8b3673fcdc8767b560", size = 5618686, upload-time = "2026-04-12T16:26:44.507Z" },
    { url = "https://files.pythonhosted.org/packages/eb/1f/b072a92369039ebef11b0a654be5134fcf3ed04c0f437faf9435ac9ba845/lxml-6.0.4-cp314-cp314t-musllinux_1_2_riscv64.whl", hash = "sha256:07dce892881179e11053066faca2da17b0eeb0bb7298f11bcf842a86db207dbd", size = 5227259, upload-time = "2026-04-12T16:26:47.083Z" },
    { url = "https://files.pythonhosted.org/packages/d5/a0/dc97034f9d4c0c4d30875147d81fd2c0c7f3d261b109db36ed746bf8ab1d/lxml-6.0.4-cp314-cp314t-musllinux_1_2_x86_64.whl", hash = "sha256:e4f97aee337b947e6699e5574c90d087d3e2ce517016241c07e7e98a28dca885", size = 5246190, upload-time = "2026-04-12T16:26:49.468Z" },
    { url = "https://files.pythonhosted.org/packages/f2/ef/85cb69835113583c2516fee07d0ffb4d824b557424b06ba5872c20ba6078/lxml-6.0.4-cp314-cp314t-win32.whl", hash = "sha256:064477c0d4c695aa1ea4b9c1c4ee9043ab740d12135b74c458cc658350adcd86", size = 3896005, upload-time = "2026-04-12T16:26:52.163Z" },
    { url = "https://files.pythonhosted.org/packages/3d/5e/2231f34cc54b8422b793593138d86d3fa4588fb2297d4ea0472390f25627/lxml-6.0.4-cp314-cp314t-win_amd64.whl", hash = "sha256:25bad2d8438f4ef5a7ad4a8d8bcaadde20c0daced8bdb56d46236b0a7d1cbdd0", size = 4391037, upload-time = "2026-04-12T16:26:54.398Z" },
    { url = "https://files.pythonhosted.org/packages/39/53/8ba3cd5984f8363635450c93f63e541a0721b362bb32ae0d8237d9674aee/lxml-6.0.4-cp314-cp314t-win_arm64.whl", hash = "sha256:1dcd9e6cb9b7df808ea33daebd1801f37a8f50e8c075013ed2a2343246727838", size = 3816184, upload-time = "2026-04-12T16:26:57.011Z" },
]

[[package]]
name = "markdown-it-py"
version = "4.0.0"
source = { registry = "https://pypi.org/simple" }
dependencies = [
    { name = "mdurl" },
]
sdist = { url = "https://files.pythonhosted.org/packages/5b/f5/4ec618ed16cc4f8fb3b701563655a69816155e79e24a17b651541804721d/markdown_it_py-4.0.0.tar.gz", hash = "sha256:cb0a2b4aa34f932c007117b194e945bd74e0ec24133ceb5bac59009cda1cb9f3", size = 73070, upload-time = "2025-08-11T12:57:52.854Z" }
wheels = [
    { url = "https://files.pythonhosted.org/packages/94/54/e7d793b573f298e1c9013b8c4dade17d481164aa517d1d7148619c2cedbf/markdown_it_py-4.0.0-py3-none-any.whl", hash = "sha256:87327c59b172c5011896038353a81343b6754500a08cd7a4973bb48c6d578147", size = 87321, upload-time = "2025-08-11T12:57:51.923Z" },
]

[[package]]
name = "mdurl"
version = "0.1.2"
source = { registry = "https://pypi.org/simple" }
sdist = { url = "https://files.pythonhosted.org/packages/d6/54/cfe61301667036ec958cb99bd3efefba235e65cdeb9c84d24a8293ba1d90/mdurl-0.1.2.tar.gz", hash = "sha256:bb413d29f5eea38f31dd4754dd7377d4465116fb207585f97bf925588687c1ba", size = 8729, upload-time = "2022-08-14T12:40:10.846Z" }
wheels = [
    { url = "https://files.pythonhosted.org/packages/b3/38/89ba8ad64ae25be8de66a6d463314cf1eb366222074cfda9ee839c56a4b4/mdurl-0.1.2-py3-none-any.whl", hash = "sha256:84008a41e51615a49fc9966191ff91509e3c40b939176e643fd50a5c2196b8f8", size = 9979, upload-time = "2022-08-14T12:40:09.779Z" },
]

[[package]]
name = "packaging"
version = "26.1"
source = { registry = "https://pypi.org/simple" }
sdist = { url = "https://files.pythonhosted.org/packages/df/de/0d2b39fb4af88a0258f3bac87dfcbb48e73fbdea4a2ed0e2213f9a4c2f9a/packaging-26.1.tar.gz", hash = "sha256:f042152b681c4bfac5cae2742a55e103d27ab2ec0f3d88037136b6bfe7c9c5de", size = 215519, upload-time = "2026-04-14T21:12:49.362Z" }
wheels = [
    { url = "https://files.pythonhosted.org/packages/7a/c2/920ef838e2f0028c8262f16101ec09ebd5969864e5a64c4c05fad0617c56/packaging-26.1-py3-none-any.whl", hash = "sha256:5d9c0669c6285e491e0ced2eee587eaf67b670d94a19e94e3984a481aba6802f", size = 95831, upload-time = "2026-04-14T21:12:47.56Z" },
]

[[package]]
name = "pluggy"
version = "1.6.0"
source = { registry = "https://pypi.org/simple" }
sdist = { url = "https://files.pythonhosted.org/packages/f9/e2/3e91f31a7d2b083fe6ef3fa267035b518369d9511ffab804f839851d2779/pluggy-1.6.0.tar.gz", hash = "sha256:7dcc130b76258d33b90f61b658791dede3486c3e6bfb003ee5c9bfb396dd22f3", size = 69412, upload-time = "2025-05-15T12:30:07.975Z" }
wheels = [
    { url = "https://files.pythonhosted.org/packages/54/20/4d324d65cc6d9205fabedc306948156824eb9f0ee1633355a8f7ec5c66bf/pluggy-1.6.0-py3-none-any.whl", hash = "sha256:e920276dd6813095e9377c0bc5566d94c932c33b27a3e3945d8389c374dd4746", size = 20538, upload-time = "2025-05-15T12:30:06.134Z" },
]

[[package]]
name = "pygments"
version = "2.20.0"
source = { registry = "https://pypi.org/simple" }
sdist = { url = "https://files.pythonhosted.org/packages/c3/b2/bc9c9196916376152d655522fdcebac55e66de6603a76a02bca1b6414f6c/pygments-2.20.0.tar.gz", hash = "sha256:6757cd03768053ff99f3039c1a36d6c0aa0b263438fcab17520b30a303a82b5f", size = 4955991, upload-time = "2026-03-29T13:29:33.898Z" }
wheels = [
    { url = "https://files.pythonhosted.org/packages/f4/7e/a72dd26f3b0f4f2bf1dd8923c85f7ceb43172af56d63c7383eb62b332364/pygments-2.20.0-py3-none-any.whl", hash = "sha256:81a9e26dd42fd28a23a2d169d86d7ac03b46e2f8b59ed4698fb4785f946d0176", size = 1231151, upload-time = "2026-03-29T13:29:30.038Z" },
]

[[package]]
name = "pytest"
version = "9.0.3"
source = { registry = "https://pypi.org/simple" }
dependencies = [
    { name = "colorama", marker = "sys_platform == 'win32'" },
    { name = "iniconfig" },
    { name = "packaging" },
    { name = "pluggy" },
    { name = "pygments" },
]
sdist = { url = "https://files.pythonhosted.org/packages/7d/0d/549bd94f1a0a402dc8cf64563a117c0f3765662e2e668477624baeec44d5/pytest-9.0.3.tar.gz", hash = "sha256:b86ada508af81d19edeb213c681b1d48246c1a91d304c6c81a427674c17eb91c", size = 1572165, upload-time = "2026-04-07T17:16:18.027Z" }
wheels = [
    { url = "https://files.pythonhosted.org/packages/d4/24/a372aaf5c9b7208e7112038812994107bc65a84cd00e0354a88c2c77a617/pytest-9.0.3-py3-none-any.whl", hash = "sha256:2c5efc453d45394fdd706ade797c0a81091eccd1d6e4bccfcd476e2b8e0ab5d9", size = 375249, upload-time = "2026-04-07T17:16:16.13Z" },
]

[[package]]
name = "rich"
version = "15.0.0"
source = { registry = "https://pypi.org/simple" }
dependencies = [
    { name = "markdown-it-py" },
    { name = "pygments" },
]
sdist = { url = "https://files.pythonhosted.org/packages/c0/8f/0722ca900cc807c13a6a0c696dacf35430f72e0ec571c4275d2371fca3e9/rich-15.0.0.tar.gz", hash = "sha256:edd07a4824c6b40189fb7ac9bc4c52536e9780fbbfbddf6f1e2502c31b068c36", size = 230680, upload-time = "2026-04-12T08:24:00.75Z" }
wheels = [
    { url = "https://files.pythonhosted.org/packages/82/3b/64d4899d73f91ba49a8c18a8ff3f0ea8f1c1d75481760df8c68ef5235bf5/rich-15.0.0-py3-none-any.whl", hash = "sha256:33bd4ef74232fb73fe9279a257718407f169c09b78a87ad3d296f548e27de0bb", size = 310654, upload-time = "2026-04-12T08:24:02.83Z" },
]

[[package]]
name = "shellingham"
version = "1.5.4"
source = { registry = "https://pypi.org/simple" }
sdist = { url = "https://files.pythonhosted.org/packages/58/15/8b3609fd3830ef7b27b655beb4b4e9c62313a4e8da8c676e142cc210d58e/shellingham-1.5.4.tar.gz", hash = "sha256:8dbca0739d487e5bd35ab3ca4b36e11c4078f3a234bfce294b0a0291363404de", size = 10310, upload-time = "2023-10-24T04:13:40.426Z" }
wheels = [
    { url = "https://files.pythonhosted.org/packages/e0/f9/0595336914c5619e5f28a1fb793285925a8cd4b432c9da0a987836c7f822/shellingham-1.5.4-py2.py3-none-any.whl", hash = "sha256:7ecfff8f2fd72616f7481040475a65b2bf8af90a56c89140852d1120324e8686", size = 9755, upload-time = "2023-10-24T04:13:38.866Z" },
]

[[package]]
name = "soupsieve"
version = "2.8.3"
source = { registry = "https://pypi.org/simple" }
sdist = { url = "https://files.pythonhosted.org/packages/7b/ae/2d9c981590ed9999a0d91755b47fc74f74de286b0f5cee14c9269041e6c4/soupsieve-2.8.3.tar.gz", hash = "sha256:3267f1eeea4251fb42728b6dfb746edc9acaffc4a45b27e19450b676586e8349", size = 118627, upload-time = "2026-01-20T04:27:02.457Z" }
wheels = [
    { url = "https://files.pythonhosted.org/packages/46/2c/1462b1d0a634697ae9e55b3cecdcb64788e8b7d63f54d923fcd0bb140aed/soupsieve-2.8.3-py3-none-any.whl", hash = "sha256:ed64f2ba4eebeab06cc4962affce381647455978ffc1e36bb79a545b91f45a95", size = 37016, upload-time = "2026-01-20T04:27:01.012Z" },
]

[[package]]
name = "typer"
version = "0.24.1"
source = { registry = "https://pypi.org/simple" }
dependencies = [
    { name = "annotated-doc" },
    { name = "click" },
    { name = "rich" },
    { name = "shellingham" },
]
sdist = { url = "https://files.pythonhosted.org/packages/f5/24/cb09efec5cc954f7f9b930bf8279447d24618bb6758d4f6adf2574c41780/typer-0.24.1.tar.gz", hash = "sha256:e39b4732d65fbdcde189ae76cf7cd48aeae72919dea1fdfc16593be016256b45", size = 118613, upload-time = "2026-02-21T16:54:40.609Z" }
wheels = [
    { url = "https://files.pythonhosted.org/packages/4a/91/48db081e7a63bb37284f9fbcefda7c44c277b18b0e13fbc36ea2335b71e6/typer-0.24.1-py3-none-any.whl", hash = "sha256:112c1f0ce578bfb4cab9ffdabc68f031416ebcc216536611ba21f04e9aa84c9e", size = 56085, upload-time = "2026-02-21T16:54:41.616Z" },
]

[[package]]
name = "typing-extensions"
version = "4.15.0"
source = { registry = "https://pypi.org/simple" }
sdist = { url = "https://files.pythonhosted.org/packages/72/94/1a15dd82efb362ac84269196e94cf00f187f7ed21c242792a923cdb1c61f/typing_extensions-4.15.0.tar.gz", hash = "sha256:0cea48d173cc12fa28ecabc3b837ea3cf6f38c6d1136f85cbaaf598984861466", size = 109391, upload-time = "2025-08-25T13:49:26.313Z" }
wheels = [
    { url = "https://files.pythonhosted.org/packages/18/67/36e9267722cc04a6b9f15c7f3441c2363321a3ea07da7ae0c0707beb2a9c/typing_extensions-4.15.0-py3-none-any.whl", hash = "sha256:f0fa19c6845758ab08074a0cfa8b7aecb71c999ca73d62883bc25cc018c4e548", size = 44614, upload-time = "2025-08-25T13:49:24.86Z" },
]

[[package]]
name = "win32-setctime"
version = "1.2.0"
source = { registry = "https://pypi.org/simple" }
sdist = { url = "https://files.pythonhosted.org/packages/b3/8f/705086c9d734d3b663af0e9bb3d4de6578d08f46b1b101c2442fd9aecaa2/win32_setctime-1.2.0.tar.gz", hash = "sha256:ae1fdf948f5640aae05c511ade119313fb6a30d7eabe25fef9764dca5873c4c0", size = 4867, upload-time = "2024-12-07T15:28:28.314Z" }
wheels = [
    { url = "https://files.pythonhosted.org/packages/e1/07/c6fe3ad3e685340704d314d765b7912993bcb8dc198f0e7a89382d37974b/win32_setctime-1.2.0-py3-none-any.whl", hash = "sha256:95d644c4e708aba81dc3704a116d8cbc974d70b3bdb8be1d150e36be6e9d1390", size = 4083, upload-time = "2024-12-07T15:28:26.465Z" },
]
